<?xml version="1.0" encoding="utf-8"?>
<Project ToolsVersion="4.0" xmlns="http://schemas.microsoft.com/developer/msbuild/2003">
  <ItemGroup>
    <Filter Include="Source Files">
      <UniqueIdentifier>{4FC737F1-C7A5-4376-A066-2A32D752A2FF}</UniqueIdentifier>
      <Extensions>cpp;c;cc;cxx;c++;cppm;ixx;def;odl;idl;hpj;bat;asm;asmx</Extensions>
    </Filter>
    <Filter Include="Header Files">
      <UniqueIdentifier>{93995380-89BD-4b04-88EB-625FBE52EBFB}</UniqueIdentifier>
      <Extensions>h;hh;hpp;hxx;h++;hm;inl;inc;ipp;xsd</Extensions>
    </Filter>
    <Filter Include="Header Files\Resource Files">
      <UniqueIdentifier>{67DA6AB6-F800-4c08-8B7A-83BB121AAD01}</UniqueIdentifier>
      <Extensions>rc;ico;cur;bmp;dlg;rc2;rct;bin;rgs;gif;jpg;jpeg;jpe;resx;tiff;tif;png;wav;mfcribbon-ms</Extensions>
    </Filter>
  </ItemGroup>
  <ItemGroup>
    <ClInclude Include="framework.h">
      <Filter>Header Files</Filter>
    </ClInclude>
    <ClInclude Include="targetver.h">
      <Filter>Header Files</Filter>
    </ClInclude>
    <ClInclude Include="Resource.h">
      <Filter>Header Files</Filter>
    </ClInclude>
    <ClInclude Include="GameEngine.h">
      <Filter>Header Files</Filter>
    </ClInclude>
    <ClInclude Include="platform_dependent\windows\utils.h">
      <Filter>Header Files</Filter>
    </ClInclude>
    <ClInclude Include="game_engine\scene_manager.h">
      <Filter>Header Files</Filter>
    </ClInclude>
    <ClInclude Include="game_engine\service_locator.h">
      <Filter>Header Files</Filter>
    </ClInclude>
    <ClInclude Include="game_engine\scene.h">
      <Filter>Header Files</Filter>
    </ClInclude>
    <ClInclude Include="game\hello_world_scene.h">
      <Filter>Header Files</Filter>
    </ClInclude>
    <ClInclude Include="game_engine\game_object_component.h">
      <Filter>Header Files</Filter>
    </ClInclude>
    <ClInclude Include="game\dev_scene_manager.h">
      <Filter>Header Files</Filter>
    </ClInclude>
    <ClInclude Include="game_engine\time_provider.h">
      <Filter>Header Files</Filter>
    </ClInclude>
    <ClInclude Include="game_engine\time_manager.h">
      <Filter>Header Files</Filter>
    </ClInclude>
    <ClInclude Include="game_engine\units_converter.h">
      <Filter>Header Files</Filter>
    </ClInclude>
    <ClInclude Include="game_engine\rendering_window_info_provider.h">
      <Filter>Header Files</Filter>
    </ClInclude>
    <ClInclude Include="platform_dependent\windows\windows_rendering_window_info_provider.h">
      <Filter>Header Files</Filter>
    </ClInclude>
    <ClInclude Include="game_engine\without_generated_methods.h">
      <Filter>Header Files</Filter>
    </ClInclude>
    <ClInclude Include="game_engine\game_object.h">
      <Filter>Header Files</Filter>
    </ClInclude>
    <ClInclude Include="game_engine\vertex.h">
      <Filter>Header Files</Filter>
    </ClInclude>
    <ClInclude Include="game_engine\mesh.h">
      <Filter>Header Files</Filter>
    </ClInclude>
    <ClInclude Include="game_engine\transformation_component.h">
      <Filter>Header Files</Filter>
    </ClInclude>
    <ClInclude Include="game_engine\utils.h">
      <Filter>Header Files</Filter>
    </ClInclude>
    <ClInclude Include="game_engine\material.h">
      <Filter>Header Files</Filter>
    </ClInclude>
    <ClInclude Include="game_engine\material_component.h">
      <Filter>Header Files</Filter>
    </ClInclude>
    <ClInclude Include="game_engine\mesh_renderer_factory.h">
      <Filter>Header Files</Filter>
    </ClInclude>
    <ClInclude Include="game_engine\mesh_storage.h">
      <Filter>Header Files</Filter>
    </ClInclude>
    <ClInclude Include="game_engine\object_pool.h">
      <Filter>Header Files</Filter>
    </ClInclude>
    <ClInclude Include="game_engine\mesh_loader.h">
      <Filter>Header Files</Filter>
    </ClInclude>
    <ClInclude Include="game_engine\read_only_fs_abstraction.h">
      <Filter>Header Files</Filter>
    </ClInclude>
    <ClInclude Include="game_engine\fs_abstraction.h">
      <Filter>Header Files</Filter>
    </ClInclude>
    <ClInclude Include="platform_dependent\windows\windows_read_only_fs_abstraction.h">
      <Filter>Header Files</Filter>
    </ClInclude>
    <ClInclude Include="platform_dependent\windows\windows_mesh_loader.h">
      <Filter>Header Files</Filter>
    </ClInclude>
    <ClInclude Include="platform_dependent\windows\windows_fs_abstraction.h">
      <Filter>Header Files</Filter>
    </ClInclude>
    <ClInclude Include="game_engine\scene_hierarchy_loader.h">
      <Filter>Header Files</Filter>
    </ClInclude>
    <ClInclude Include="game_engine\text_appearance.h">
      <Filter>Header Files</Filter>
    </ClInclude>
    <ClInclude Include="game_engine\mesh_component.h">
      <Filter>Header Files</Filter>
    </ClInclude>
    <ClInclude Include="game_engine\rendering_window_info_update_detector.h">
      <Filter>Header Files</Filter>
    </ClInclude>
    <ClInclude Include="game_engine\camera_component.h">
      <Filter>Header Files</Filter>
    </ClInclude>
    <ClInclude Include="game_engine\ortho_camera_component.h">
      <Filter>Header Files</Filter>
    </ClInclude>
    <ClInclude Include="game_engine\constants.h">
      <Filter>Header Files</Filter>
    </ClInclude>
    <ClInclude Include="game_engine\perspective_camera_component.h">
      <Filter>Header Files</Filter>
    </ClInclude>
    <ClInclude Include="game_engine\logger.h">
      <Filter>Header Files</Filter>
    </ClInclude>
    <ClInclude Include="platform_dependent\windows\windows_logger.h">
      <Filter>Header Files</Filter>
    </ClInclude>
    <ClInclude Include="rendering_engine\opengl_error_detector.h">
      <Filter>Header Files</Filter>
    </ClInclude>
    <ClInclude Include="rendering_engine\opengl_mesh_renderer_factory.h">
      <Filter>Header Files</Filter>
    </ClInclude>
    <ClInclude Include="rendering_engine\opengl_mesh_renderer_component.h">
      <Filter>Header Files</Filter>
    </ClInclude>
    <ClInclude Include="rendering_engine\opengl_geometry_buffers_storage.h">
      <Filter>Header Files</Filter>
    </ClInclude>
    <ClInclude Include="rendering_engine\ibo_info.h">
      <Filter>Header Files</Filter>
    </ClInclude>
    <ClInclude Include="game_engine\textures_repository.h">
      <Filter>Header Files</Filter>
    </ClInclude>
    <ClInclude Include="game_engine\bitmap_loader.h">
      <Filter>Header Files</Filter>
    </ClInclude>
    <ClInclude Include="game_engine\bitmap_info.h">
      <Filter>Header Files</Filter>
    </ClInclude>
    <ClInclude Include="platform_dependent\windows\windows_bitmap_loader.h">
      <Filter>Header Files</Filter>
    </ClInclude>
    <ClInclude Include="rendering_engine\texture_info.h">
      <Filter>Header Files</Filter>
    </ClInclude>
    <ClInclude Include="rendering_engine\opengl_textures_repository.h">
      <Filter>Header Files</Filter>
    </ClInclude>
    <ClInclude Include="rendering_engine\opengl_shader_program_container.h">
      <Filter>Header Files</Filter>
    </ClInclude>
    <ClInclude Include="rendering_engine\opengl_shader_source_preprocessor.h">
      <Filter>Header Files</Filter>
    </ClInclude>
    <ClInclude Include="rendering_engine\opengl_shader_source_loader.h">
      <Filter>Header Files</Filter>
    </ClInclude>
    <ClInclude Include="platform_dependent\windows\windows_opengl_shader_source_loader.h">
      <Filter>Header Files</Filter>
    </ClInclude>
    <ClInclude Include="rendering_engine\opengl_state.h">
      <Filter>Header Files</Filter>
    </ClInclude>
    <ClInclude Include="rendering_engine\opengl_shaders_repository.h">
      <Filter>Header Files</Filter>
    </ClInclude>
    <ClInclude Include="rendering_engine\rendering_engine.h">
      <Filter>Header Files</Filter>
    </ClInclude>
    <ClInclude Include="game_engine\ambient_light_component.h">
      <Filter>Header Files</Filter>
    </ClInclude>
    <ClInclude Include="game\fps_calculator.h">
      <Filter>Header Files</Filter>
    </ClInclude>
    <ClInclude Include="game_engine\directional_light_component.h">
      <Filter>Header Files</Filter>
    </ClInclude>
    <ClInclude Include="game_engine\input\keyboard_input.h">
      <Filter>Header Files</Filter>
    </ClInclude>
    <ClInclude Include="platform_dependent\windows\windows_keyboard_input.h">
      <Filter>Header Files</Filter>
    </ClInclude>
    <ClInclude Include="game\free_fly_camera_controller.h">
      <Filter>Header Files</Filter>
    </ClInclude>
  </ItemGroup>
  <ItemGroup>
    <ClCompile Include="GameEngine.cpp">
      <Filter>Source Files</Filter>
    </ClCompile>
    <ClCompile Include="platform_dependent\windows\utils.cpp">
      <Filter>Source Files</Filter>
    </ClCompile>
    <ClCompile Include="game_engine\service_locator.cpp">
      <Filter>Source Files</Filter>
    </ClCompile>
    <ClCompile Include="game_engine\scene.cpp">
      <Filter>Source Files</Filter>
    </ClCompile>
    <ClCompile Include="game\hello_world_scene.cpp">
      <Filter>Source Files</Filter>
    </ClCompile>
    <ClCompile Include="game\dev_scene_manager.cpp">
      <Filter>Source Files</Filter>
    </ClCompile>
    <ClCompile Include="game_engine\time_provider.cpp">
      <Filter>Source Files</Filter>
    </ClCompile>
    <ClCompile Include="game_engine\time_manager.cpp">
      <Filter>Source Files</Filter>
    </ClCompile>
    <ClCompile Include="game_engine\units_converter.cpp">
      <Filter>Source Files</Filter>
    </ClCompile>
    <ClCompile Include="game_engine\game_object.cpp">
      <Filter>Source Files</Filter>
    </ClCompile>
    <ClCompile Include="game_engine\transformation_component.cpp">
      <Filter>Source Files</Filter>
    </ClCompile>
    <ClCompile Include="game_engine\material_component.cpp">
      <Filter>Source Files</Filter>
    </ClCompile>
    <ClCompile Include="game_engine\mesh_storage.cpp">
      <Filter>Source Files</Filter>
    </ClCompile>
    <ClCompile Include="platform_dependent\windows\windows_read_only_fs_abstraction.cpp">
      <Filter>Source Files</Filter>
    </ClCompile>
    <ClCompile Include="platform_dependent\windows\windows_mesh_loader.cpp">
      <Filter>Source Files</Filter>
    </ClCompile>
    <ClCompile Include="platform_dependent\windows\windows_fs_abstraction.cpp">
      <Filter>Source Files</Filter>
    </ClCompile>
    <ClCompile Include="game_engine\scene_hierarchy_loader.cpp">
      <Filter>Source Files</Filter>
    </ClCompile>
    <ClCompile Include="game_engine\text_appearance.cpp">
      <Filter>Source Files</Filter>
    </ClCompile>
    <ClCompile Include="game_engine\mesh_component.cpp">
      <Filter>Source Files</Filter>
    </ClCompile>
    <ClCompile Include="game_engine\rendering_window_info_update_detector.cpp">
      <Filter>Source Files</Filter>
    </ClCompile>
    <ClCompile Include="game_engine\camera_component.cpp">
      <Filter>Source Files</Filter>
    </ClCompile>
    <ClCompile Include="game_engine\ortho_camera_component.cpp">
      <Filter>Source Files</Filter>
    </ClCompile>
    <ClCompile Include="game_engine\perspective_camera_component.cpp">
      <Filter>Source Files</Filter>
    </ClCompile>
    <ClCompile Include="platform_dependent\windows\windows_logger.cpp">
      <Filter>Source Files</Filter>
    </ClCompile>
    <ClCompile Include="game_engine\logger.cpp">
      <Filter>Source Files</Filter>
    </ClCompile>
    <ClCompile Include="rendering_engine\opengl_error_detector.cpp">
      <Filter>Source Files</Filter>
    </ClCompile>
    <ClCompile Include="rendering_engine\opengl_mesh_renderer_factory.cpp">
      <Filter>Source Files</Filter>
    </ClCompile>
    <ClCompile Include="rendering_engine\opengl_mesh_renderer_component.cpp">
      <Filter>Source Files</Filter>
    </ClCompile>
    <ClCompile Include="rendering_engine\opengl_geometry_buffers_storage.cpp">
      <Filter>Source Files</Filter>
    </ClCompile>
    <ClCompile Include="platform_dependent\windows\windows_bitmap_loader.cpp">
      <Filter>Source Files</Filter>
    </ClCompile>
    <ClCompile Include="rendering_engine\opengl_textures_repository.cpp">
      <Filter>Source Files</Filter>
    </ClCompile>
    <ClCompile Include="rendering_engine\opengl_shader_program_container.cpp">
      <Filter>Source Files</Filter>
    </ClCompile>
    <ClCompile Include="rendering_engine\opengl_shader_source_preprocessor.cpp">
      <Filter>Source Files</Filter>
    </ClCompile>
    <ClCompile Include="platform_dependent\windows\windows_opengl_shader_source_loader.cpp">
      <Filter>Source Files</Filter>
    </ClCompile>
    <ClCompile Include="rendering_engine\opengl_shaders_repository.cpp">
      <Filter>Source Files</Filter>
    </ClCompile>
    <ClCompile Include="rendering_engine\rendering_engine.cpp">
      <Filter>Source Files</Filter>
    </ClCompile>
    <ClCompile Include="game_engine\ambient_light_component.cpp">
      <Filter>Source Files</Filter>
    </ClCompile>
    <ClCompile Include="game\fps_calculator.cpp">
      <Filter>Source Files</Filter>
    </ClCompile>
    <ClCompile Include="game_engine\directional_light_component.cpp">
      <Filter>Source Files</Filter>
    </ClCompile>
    <ClCompile Include="platform_dependent\windows\windows_keyboard_input.cpp">
      <Filter>Source Files</Filter>
    </ClCompile>
    <ClCompile Include="game\free_fly_camera_controller.cpp">
      <Filter>Source Files</Filter>
    </ClCompile>
  </ItemGroup>
  <ItemGroup>
    <ResourceCompile Include="GameEngine.rc">
      <Filter>Header Files\Resource Files</Filter>
    </ResourceCompile>
  </ItemGroup>
  <ItemGroup>
    <Image Include="small.ico">
      <Filter>Header Files\Resource Files</Filter>
    </Image>
    <Image Include="GameEngine.ico">
      <Filter>Header Files\Resource Files</Filter>
    </Image>
  </ItemGroup>
  <ItemGroup>
    <None Include="shaders\light\ambient_fragment_shader.glsl" />
    <None Include="shaders\light\ambient_vertex_shader.glsl" />
    <None Include="shaders\light\directional_light_vertex_shader.glsl" />
    <None Include="shaders\light\directional_light_fragment_shader.glsl" />
  </ItemGroup>
</Project>